Microsoft Visual Studio Solution File, Format Version 12.00
# Visual Studio 2012
Project("{FAE04EC0-301F-11D3-BF4B-00C04F79EFBC}") = "TreeViewBound", "TreeViewBound.csproj", "{C28E5990-00A7-4A67-91DF-FB51D31096EF}"
EndProject
Global
	GlobalSection(SolutionConfigurationPlatforms) = preSolution
		Debug|x86 = Debug|x86
		Release|x86 = Release|x86
	EndGlobalSection
	GlobalSection(ProjectConfigurationPlatforms) = postSolution
		{C28E5990-00A7-4A67-91DF-FB51D31096EF}.Debug|x86.ActiveCfg = Debug|x86
		{C28E5990-00A7-4A67-91DF-FB51D31096EF}.Debug|x86.Build.0 = Debug|x86
		{C28E5990-00A7-4A67-91DF-FB51D31096EF}.Release|x86.ActiveCfg = Release|x86
		{C28E5990-00A7-4A67-91DF-FB51D31096EF}.Release|x86.Build.0 = Release|x86
	EndGlobalSection
	GlobalSection(SolutionProperties) = preSolution
		HideSolutionNode = FALSE
	EndGlobalSection
EndGlobal
